// !$*UTF8*$!
{
	archiveVersion = 1;
	classes = {
	};
	objectVersion = 50;
	objects = {

/* Begin PBXBuildFile section */
		0AD4F3DFABAD6B04C358A1A7 /* Pods_StopGame.framework in Frameworks */ = {isa = PBXBuildFile; fileRef = 8ACED549D5181610D7FCCD28 /* Pods_StopGame.framework */; };
		D215B0B0262270840088A605 /* GameViewController.swift in Sources */ = {isa = PBXBuildFile; fileRef = D215B0AF262270840088A605 /* GameViewController.swift */; };
		D215B0B4262285E20088A605 /* GameCell.swift in Sources */ = {isa = PBXBuildFile; fileRef = D215B0B2262285E20088A605 /* GameCell.swift */; };
		D215B0B5262285E20088A605 /* GameCell.xib in Resources */ = {isa = PBXBuildFile; fileRef = D215B0B3262285E20088A605 /* GameCell.xib */; };
		D21C15E726228A8800C0EC32 /* GameBrain.swift in Sources */ = {isa = PBXBuildFile; fileRef = D21C15E626228A8800C0EC32 /* GameBrain.swift */; };
		D21C15EA2622902A00C0EC32 /* Constants.swift in Sources */ = {isa = PBXBuildFile; fileRef = D21C15E92622902A00C0EC32 /* Constants.swift */; };
		D265394826138C5900B67A22 /* AppDelegate.swift in Sources */ = {isa = PBXBuildFile; fileRef = D265394726138C5900B67A22 /* AppDelegate.swift */; };
		D265394A26138C5900B67A22 /* SceneDelegate.swift in Sources */ = {isa = PBXBuildFile; fileRef = D265394926138C5900B67A22 /* SceneDelegate.swift */; };
		D265394C26138C5900B67A22 /* ViewController.swift in Sources */ = {isa = PBXBuildFile; fileRef = D265394B26138C5900B67A22 /* ViewController.swift */; };
		D265394F26138C5900B67A22 /* Main.storyboard in Resources */ = {isa = PBXBuildFile; fileRef = D265394D26138C5900B67A22 /* Main.storyboard */; };
		D265395126138C5C00B67A22 /* Assets.xcassets in Resources */ = {isa = PBXBuildFile; fileRef = D265395026138C5C00B67A22 /* Assets.xcassets */; };
		D265395426138C5C00B67A22 /* LaunchScreen.storyboard in Resources */ = {isa = PBXBuildFile; fileRef = D265395226138C5C00B67A22 /* LaunchScreen.storyboard */; };
		D265395D2613B48E00B67A22 /* RoundViewController.swift in Sources */ = {isa = PBXBuildFile; fileRef = D265395C2613B48E00B67A22 /* RoundViewController.swift */; };
		D2EAD9CE262163C800E8805F /* ChooseLetterViewController.swift in Sources */ = {isa = PBXBuildFile; fileRef = D2EAD9CD262163C800E8805F /* ChooseLetterViewController.swift */; };
/* End PBXBuildFile section */

/* Begin PBXFileReference section */
		26235564129430FE7777FF47 /* Pods-StopGame.release.xcconfig */ = {isa = PBXFileReference; includeInIndex = 1; lastKnownFileType = text.xcconfig; name = "Pods-StopGame.release.xcconfig"; path = "Target Support Files/Pods-StopGame/Pods-StopGame.release.xcconfig"; sourceTree = "<group>"; };
		8818DA4AA7A4FBB632C0064C /* Pods-StopGame.debug.xcconfig */ = {isa = PBXFileReference; includeInIndex = 1; lastKnownFileType = text.xcconfig; name = "Pods-StopGame.debug.xcconfig"; path = "Target Support Files/Pods-StopGame/Pods-StopGame.debug.xcconfig"; sourceTree = "<group>"; };
		8ACED549D5181610D7FCCD28 /* Pods_StopGame.framework */ = {isa = PBXFileReference; explicitFileType = wrapper.framework; includeInIndex = 0; path = Pods_StopGame.framework; sourceTree = BUILT_PRODUCTS_DIR; };
		D215B0AF262270840088A605 /* GameViewController.swift */ = {isa = PBXFileReference; lastKnownFileType = sourcecode.swift; path = GameViewController.swift; sourceTree = "<group>"; };
		D215B0B2262285E20088A605 /* GameCell.swift */ = {isa = PBXFileReference; lastKnownFileType = sourcecode.swift; path = GameCell.swift; sourceTree = "<group>"; };
		D215B0B3262285E20088A605 /* GameCell.xib */ = {isa = PBXFileReference; lastKnownFileType = file.xib; path = GameCell.xib; sourceTree = "<group>"; };
		D21C15E626228A8800C0EC32 /* GameBrain.swift */ = {isa = PBXFileReference; lastKnownFileType = sourcecode.swift; path = GameBrain.swift; sourceTree = "<group>"; };
		D21C15E92622902A00C0EC32 /* Constants.swift */ = {isa = PBXFileReference; lastKnownFileType = sourcecode.swift; path = Constants.swift; sourceTree = "<group>"; };
		D265394426138C5900B67A22 /* StopGame.app */ = {isa = PBXFileReference; explicitFileType = wrapper.application; includeInIndex = 0; path = StopGame.app; sourceTree = BUILT_PRODUCTS_DIR; };
		D265394726138C5900B67A22 /* AppDelegate.swift */ = {isa = PBXFileReference; lastKnownFileType = sourcecode.swift; path = AppDelegate.swift; sourceTree = "<group>"; };
		D265394926138C5900B67A22 /* SceneDelegate.swift */ = {isa = PBXFileReference; lastKnownFileType = sourcecode.swift; path = SceneDelegate.swift; sourceTree = "<group>"; };
		D265394B26138C5900B67A22 /* ViewController.swift */ = {isa = PBXFileReference; lastKnownFileType = sourcecode.swift; path = ViewController.swift; sourceTree = "<group>"; };
		D265394E26138C5900B67A22 /* Base */ = {isa = PBXFileReference; lastKnownFileType = file.storyboard; name = Base; path = Base.lproj/Main.storyboard; sourceTree = "<group>"; };
		D265395026138C5C00B67A22 /* Assets.xcassets */ = {isa = PBXFileReference; lastKnownFileType = folder.assetcatalog; path = Assets.xcassets; sourceTree = "<group>"; };
		D265395326138C5C00B67A22 /* Base */ = {isa = PBXFileReference; lastKnownFileType = file.storyboard; name = Base; path = Base.lproj/LaunchScreen.storyboard; sourceTree = "<group>"; };
		D265395526138C5C00B67A22 /* Info.plist */ = {isa = PBXFileReference; lastKnownFileType = text.plist.xml; path = Info.plist; sourceTree = "<group>"; };
		D265395C2613B48E00B67A22 /* RoundViewController.swift */ = {isa = PBXFileReference; lastKnownFileType = sourcecode.swift; path = RoundViewController.swift; sourceTree = "<group>"; };
		D2EAD9CD262163C800E8805F /* ChooseLetterViewController.swift */ = {isa = PBXFileReference; lastKnownFileType = sourcecode.swift; path = ChooseLetterViewController.swift; sourceTree = "<group>"; };
/* End PBXFileReference section */

/* Begin PBXFrameworksBuildPhase section */
		D265394126138C5900B67A22 /* Frameworks */ = {
			isa = PBXFrameworksBuildPhase;
			buildActionMask = 2147483647;
			files = (
				0AD4F3DFABAD6B04C358A1A7 /* Pods_StopGame.framework in Frameworks */,
			);
			runOnlyForDeploymentPostprocessing = 0;
		};
/* End PBXFrameworksBuildPhase section */

/* Begin PBXGroup section */
		21A31F52DDCD2B1138A07C67 /* Frameworks */ = {
			isa = PBXGroup;
			children = (
				8ACED549D5181610D7FCCD28 /* Pods_StopGame.framework */,
			);
			name = Frameworks;
			sourceTree = "<group>";
		};
		6319D046AC254D7B23DB0F0C /* Pods */ = {
			isa = PBXGroup;
			children = (
				8818DA4AA7A4FBB632C0064C /* Pods-StopGame.debug.xcconfig */,
				26235564129430FE7777FF47 /* Pods-StopGame.release.xcconfig */,
			);
			name = Pods;
			path = Pods;
			sourceTree = "<group>";
		};
		D265393B26138C5900B67A22 = {
			isa = PBXGroup;
			children = (
				D265394626138C5900B67A22 /* StopGame */,
				D265394526138C5900B67A22 /* Products */,
				6319D046AC254D7B23DB0F0C /* Pods */,
				21A31F52DDCD2B1138A07C67 /* Frameworks */,
			);
			sourceTree = "<group>";
		};
		D265394526138C5900B67A22 /* Products */ = {
			isa = PBXGroup;
			children = (
				D265394426138C5900B67A22 /* StopGame.app */,
			);
			name = Products;
			sourceTree = "<group>";
		};
		D265394626138C5900B67A22 /* StopGame */ = {
			isa = PBXGroup;
			children = (
				D265394726138C5900B67A22 /* AppDelegate.swift */,
				D265394926138C5900B67A22 /* SceneDelegate.swift */,
				D2B7FEE92613E827006D51B8 /* Model */,
				D2B7FEE82613E811006D51B8 /* View */,
				D265395F2613B49700B67A22 /* Controller */,
				D265395026138C5C00B67A22 /* Assets.xcassets */,
				D265395226138C5C00B67A22 /* LaunchScreen.storyboard */,
				D265395526138C5C00B67A22 /* Info.plist */,
				D21C15E92622902A00C0EC32 /* Constants.swift */,
			);
			path = StopGame;
			sourceTree = "<group>";
		};
		D265395F2613B49700B67A22 /* Controller */ = {
			isa = PBXGroup;
			children = (
				D265394B26138C5900B67A22 /* ViewController.swift */,
				D265395C2613B48E00B67A22 /* RoundViewController.swift */,
				D2EAD9CD262163C800E8805F /* ChooseLetterViewController.swift */,
				D215B0AF262270840088A605 /* GameViewController.swift */,
			);
			path = Controller;
			sourceTree = "<group>";
		};
		D2B7FEE82613E811006D51B8 /* View */ = {
			isa = PBXGroup;
			children = (
				D265394D26138C5900B67A22 /* Main.storyboard */,
				D215B0B2262285E20088A605 /* GameCell.swift */,
				D215B0B3262285E20088A605 /* GameCell.xib */,
			);
			path = View;
			sourceTree = "<group>";
		};
		D2B7FEE92613E827006D51B8 /* Model */ = {
			isa = PBXGroup;
			children = (
				D21C15E626228A8800C0EC32 /* GameBrain.swift */,
			);
			path = Model;
			sourceTree = "<group>";
		};
/* End PBXGroup section */

/* Begin PBXNativeTarget section */
		D265394326138C5900B67A22 /* StopGame */ = {
			isa = PBXNativeTarget;
			buildConfigurationList = D265395826138C5C00B67A22 /* Build configuration list for PBXNativeTarget "StopGame" */;
			buildPhases = (
				944120228713254D8871D4FB /* [CP] Check Pods Manifest.lock */,
				D265394026138C5900B67A22 /* Sources */,
				D265394126138C5900B67A22 /* Frameworks */,
				D265394226138C5900B67A22 /* Resources */,
				3FC0E98EBFDD13ED4F5FDA74 /* [CP] Embed Pods Frameworks */,
			);
			buildRules = (
			);
			dependencies = (
			);
			name = StopGame;
			productName = StropGame;
			productReference = D265394426138C5900B67A22 /* StopGame.app */;
			productType = "com.apple.product-type.application";
		};
/* End PBXNativeTarget section */

/* Begin PBXProject section */
		D265393C26138C5900B67A22 /* Project object */ = {
			isa = PBXProject;
			attributes = {
				LastSwiftUpdateCheck = 1240;
				LastUpgradeCheck = 1240;
				TargetAttributes = {
					D265394326138C5900B67A22 = {
						CreatedOnToolsVersion = 12.4;
					};
				};
			};
			buildConfigurationList = D265393F26138C5900B67A22 /* Build configuration list for PBXProject "StopGame" */;
			compatibilityVersion = "Xcode 9.3";
			developmentRegion = en;
			hasScannedForEncodings = 0;
			knownRegions = (
				en,
				Base,
			);
			mainGroup = D265393B26138C5900B67A22;
			productRefGroup = D265394526138C5900B67A22 /* Products */;
			projectDirPath = "";
			projectRoot = "";
			targets = (
				D265394326138C5900B67A22 /* StopGame */,
			);
		};
/* End PBXProject section */

/* Begin PBXResourcesBuildPhase section */
		D265394226138C5900B67A22 /* Resources */ = {
			isa = PBXResourcesBuildPhase;
			buildActionMask = 2147483647;
			files = (
				D265395426138C5C00B67A22 /* LaunchScreen.storyboard in Resources */,
				D265395126138C5C00B67A22 /* Assets.xcassets in Resources */,
				D265394F26138C5900B67A22 /* Main.storyboard in Resources */,
				D215B0B5262285E20088A605 /* GameCell.xib in Resources */,
			);
			runOnlyForDeploymentPostprocessing = 0;
		};
/* End PBXResourcesBuildPhase section */

/* Begin PBXShellScriptBuildPhase section */
		3FC0E98EBFDD13ED4F5FDA74 /* [CP] Embed Pods Frameworks */ = {
			isa = PBXShellScriptBuildPhase;
			buildActionMask = 2147483647;
			files = (
			);
			inputFileListPaths = (
				"${PODS_ROOT}/Target Support Files/Pods-StopGame/Pods-StopGame-frameworks-${CONFIGURATION}-input-files.xcfilelist",
			);
			name = "[CP] Embed Pods Frameworks";
			outputFileListPaths = (
				"${PODS_ROOT}/Target Support Files/Pods-StopGame/Pods-StopGame-frameworks-${CONFIGURATION}-output-files.xcfilelist",
			);
			runOnlyForDeploymentPostprocessing = 0;
			shellPath = /bin/sh;
			shellScript = "\"${PODS_ROOT}/Target Support Files/Pods-StopGame/Pods-StopGame-frameworks.sh\"\n";
			showEnvVarsInLog = 0;
		};
		944120228713254D8871D4FB /* [CP] Check Pods Manifest.lock */ = {
			isa = PBXShellScriptBuildPhase;
			buildActionMask = 2147483647;
			files = (
			);
			inputFileListPaths = (
			);
			inputPaths = (
				"${PODS_PODFILE_DIR_PATH}/Podfile.lock",
				"${PODS_ROOT}/Manifest.lock",
			);
			name = "[CP] Check Pods Manifest.lock";
			outputFileListPaths = (
			);
			outputPaths = (
				"$(DERIVED_FILE_DIR)/Pods-StopGame-checkManifestLockResult.txt",
			);
			runOnlyForDeploymentPostprocessing = 0;
			shellPath = /bin/sh;
			shellScript = "diff \"${PODS_PODFILE_DIR_PATH}/Podfile.lock\" \"${PODS_ROOT}/Manifest.lock\" > /dev/null\nif [ $? != 0 ] ; then\n    # print error to STDERR\n    echo \"error: The sandbox is not in sync with the Podfile.lock. Run 'pod install' or update your CocoaPods installation.\" >&2\n    exit 1\nfi\n# This output is used by Xcode 'outputs' to avoid re-running this script phase.\necho \"SUCCESS\" > \"${SCRIPT_OUTPUT_FILE_0}\"\n";
			showEnvVarsInLog = 0;
		};
/* End PBXShellScriptBuildPhase section */

/* Begin PBXSourcesBuildPhase section */
		D265394026138C5900B67A22 /* Sources */ = {
			isa = PBXSourcesBuildPhase;
			buildActionMask = 2147483647;
			files = (
				D21C15E726228A8800C0EC32 /* GameBrain.swift in Sources */,
				D265394C26138C5900B67A22 /* ViewController.swift in Sources */,
				D2EAD9CE262163C800E8805F /* ChooseLetterViewController.swift in Sources */,
				D265394826138C5900B67A22 /* AppDelegate.swift in Sources */,
				D265394A26138C5900B67A22 /* SceneDelegate.swift in Sources */,
				D215B0B0262270840088A605 /* GameViewController.swift in Sources */,
				D265395D2613B48E00B67A22 /* RoundViewController.swift in Sources */,
				D215B0B4262285E20088A605 /* GameCell.swift in Sources */,
				D21C15EA2622902A00C0EC32 /* Constants.swift in Sources */,
			);
			runOnlyForDeploymentPostprocessing = 0;
		};
/* End PBXSourcesBuildPhase section */

/* Begin PBXVariantGroup section */
		D265394D26138C5900B67A22 /* Main.storyboard */ = {
			isa = PBXVariantGroup;
			children = (
				D265394E26138C5900B67A22 /* Base */,
			);
			name = Main.storyboard;
			sourceTree = "<group>";
		};
		D265395226138C5C00B67A22 /* LaunchScreen.storyboard */ = {
			isa = PBXVariantGroup;
			children = (
				D265395326138C5C00B67A22 /* Base */,
			);
			name = LaunchScreen.storyboard;
			sourceTree = "<group>";
		};
/* End PBXVariantGroup section */

/* Begin XCBuildConfiguration section */
		D265395626138C5C00B67A22 /* Debug */ = {
			isa = XCBuildConfiguration;
			buildSettings = {
				ALWAYS_SEARCH_USER_PATHS = NO;
				CLANG_ANALYZER_NONNULL = YES;
				CLANG_ANALYZER_NUMBER_OBJECT_CONVERSION = YES_AGGRESSIVE;
				CLANG_CXX_LANGUAGE_STANDARD = "gnu++14";
				CLANG_CXX_LIBRARY = "libc++";
				CLANG_ENABLE_MODULES = YES;
				CLANG_ENABLE_OBJC_ARC = YES;
				CLANG_ENABLE_OBJC_WEAK = YES;
				CLANG_WARN_BLOCK_CAPTURE_AUTORELEASING = YES;
				CLANG_WARN_BOOL_CONVERSION = YES;
				CLANG_WARN_COMMA = YES;
				CLANG_WARN_CONSTANT_CONVERSION = YES;
				CLANG_WARN_DEPRECATED_OBJC_IMPLEMENTATIONS = YES;
				CLANG_WARN_DIRECT_OBJC_ISA_USAGE = YES_ERROR;
				CLANG_WARN_DOCUMENTATION_COMMENTS = YES;
				CLANG_WARN_EMPTY_BODY = YES;
				CLANG_WARN_ENUM_CONVERSION = YES;
				CLANG_WARN_INFINITE_RECURSION = YES;
				CLANG_WARN_INT_CONVERSION = YES;
				CLANG_WARN_NON_LITERAL_NULL_CONVERSION = YES;
				CLANG_WARN_OBJC_IMPLICIT_RETAIN_SELF = YES;
				CLANG_WARN_OBJC_LITERAL_CONVERSION = YES;
				CLANG_WARN_OBJC_ROOT_CLASS = YES_ERROR;
				CLANG_WARN_QUOTED_INCLUDE_IN_FRAMEWORK_HEADER = YES;
				CLANG_WARN_RANGE_LOOP_ANALYSIS = YES;
				CLANG_WARN_STRICT_PROTOTYPES = YES;
				CLANG_WARN_SUSPICIOUS_MOVE = YES;
				CLANG_WARN_UNGUARDED_AVAILABILITY = YES_AGGRESSIVE;
				CLANG_WARN_UNREACHABLE_CODE = YES;
				CLANG_WARN__DUPLICATE_METHOD_MATCH = YES;
				COPY_PHASE_STRIP = NO;
				DEBUG_INFORMATION_FORMAT = dwarf;
				ENABLE_STRICT_OBJC_MSGSEND = YES;
				ENABLE_TESTABILITY = YES;
				GCC_C_LANGUAGE_STANDARD = gnu11;
				GCC_DYNAMIC_NO_PIC = NO;
				GCC_NO_COMMON_BLOCKS = YES;
				GCC_OPTIMIZATION_LEVEL = 0;
				GCC_PREPROCESSOR_DEFINITIONS = (
					"DEBUG=1",
					"$(inherited)",
				);
				GCC_WARN_64_TO_32_BIT_CONVERSION = YES;
				GCC_WARN_ABOUT_RETURN_TYPE = YES_ERROR;
				GCC_WARN_UNDECLARED_SELECTOR = YES;
				GCC_WARN_UNINITIALIZED_AUTOS = YES_AGGRESSIVE;
				GCC_WARN_UNUSED_FUNCTION = YES;
				GCC_WARN_UNUSED_VARIABLE = YES;
				IPHONEOS_DEPLOYMENT_TARGET = 14.4;
				MTL_ENABLE_DEBUG_INFO = INCLUDE_SOURCE;
				MTL_FAST_MATH = YES;
				ONLY_ACTIVE_ARCH = YES;
				SDKROOT = iphoneos;
				SWIFT_ACTIVE_COMPILATION_CONDITIONS = DEBUG;
				SWIFT_OPTIMIZATION_LEVEL = "-Onone";
			};
			name = Debug;
		};
		D265395726138C5C00B67A22 /* Release */ = {
			isa = XCBuildConfiguration;
			buildSettings = {
				ALWAYS_SEARCH_USER_PATHS = NO;
				CLANG_ANALYZER_NONNULL = YES;
				CLANG_ANALYZER_NUMBER_OBJECT_CONVERSION = YES_AGGRESSIVE;
				CLANG_CXX_LANGUAGE_STANDARD = "gnu++14";
				CLANG_CXX_LIBRARY = "libc++";
				CLANG_ENABLE_MODULES = YES;
				CLANG_ENABLE_OBJC_ARC = YES;
				CLANG_ENABLE_OBJC_WEAK = YES;
				CLANG_WARN_BLOCK_CAPTURE_AUTORELEASING = YES;
				CLANG_WARN_BOOL_CONVERSION = YES;
				CLANG_WARN_COMMA = YES;
				CLANG_WARN_CONSTANT_CONVERSION = YES;
				CLANG_WARN_DEPRECATED_OBJC_IMPLEMENTATIONS = YES;
				CLANG_WARN_DIRECT_OBJC_ISA_USAGE = YES_ERROR;
				CLANG_WARN_DOCUMENTATION_COMMENTS = YES;
				CLANG_WARN_EMPTY_BODY = YES;
				CLANG_WARN_ENUM_CONVERSION = YES;
				CLANG_WARN_INFINITE_RECURSION = YES;
				CLANG_WARN_INT_CONVERSION = YES;
				CLANG_WARN_NON_LITERAL_NULL_CONVERSION = YES;
				CLANG_WARN_OBJC_IMPLICIT_RETAIN_SELF = YES;
				CLANG_WARN_OBJC_LITERAL_CONVERSION = YES;
				CLANG_WARN_OBJC_ROOT_CLASS = YES_ERROR;
				CLANG_WARN_QUOTED_INCLUDE_IN_FRAMEWORK_HEADER = YES;
				CLANG_WARN_RANGE_LOOP_ANALYSIS = YES;
				CLANG_WARN_STRICT_PROTOTYPES = YES;
				CLANG_WARN_SUSPICIOUS_MOVE = YES;
				CLANG_WARN_UNGUARDED_AVAILABILITY = YES_AGGRESSIVE;
				CLANG_WARN_UNREACHABLE_CODE = YES;
				CLANG_WARN__DUPLICATE_METHOD_MATCH = YES;
				COPY_PHASE_STRIP = NO;
				DEBUG_INFORMATION_FORMAT = "dwarf-with-dsym";
				ENABLE_NS_ASSERTIONS = NO;
				ENABLE_STRICT_OBJC_MSGSEND = YES;
				GCC_C_LANGUAGE_STANDARD = gnu11;
				GCC_NO_COMMON_BLOCKS = YES;
				GCC_WARN_64_TO_32_BIT_CONVERSION = YES;
				GCC_WARN_ABOUT_RETURN_TYPE = YES_ERROR;
				GCC_WARN_UNDECLARED_SELECTOR = YES;
				GCC_WARN_UNINITIALIZED_AUTOS = YES_AGGRESSIVE;
				GCC_WARN_UNUSED_FUNCTION = YES;
				GCC_WARN_UNUSED_VARIABLE = YES;
				IPHONEOS_DEPLOYMENT_TARGET = 14.4;
				MTL_ENABLE_DEBUG_INFO = NO;
				MTL_FAST_MATH = YES;
				SDKROOT = iphoneos;
				SWIFT_COMPILATION_MODE = wholemodule;
				SWIFT_OPTIMIZATION_LEVEL = "-O";
				VALIDATE_PRODUCT = YES;
			};
			name = Release;
		};
		D265395926138C5C00B67A22 /* Debug */ = {
			isa = XCBuildConfiguration;
			baseConfigurationReference = 8818DA4AA7A4FBB632C0064C /* Pods-StopGame.debug.xcconfig */;
			buildSettings = {
				ASSETCATALOG_COMPILER_APPICON_NAME = AppIcon;
				ASSETCATALOG_COMPILER_GLOBAL_ACCENT_COLOR_NAME = AccentColor;
				CODE_SIGN_STYLE = Automatic;
				DEVELOPMENT_TEAM = UN3FYV6BQC;
				INFOPLIST_FILE = StopGame/Info.plist;
				LD_RUNPATH_SEARCH_PATHS = (
					"$(inherited)",
					"@executable_path/Frameworks",
				);
				PRODUCT_BUNDLE_IDENTIFIER = com.bramdont.StropGame;
				PRODUCT_NAME = "$(TARGET_NAME)";
				SWIFT_VERSION = 5.0;
				TARGETED_DEVICE_FAMILY = "1,2";
			};
			name = Debug;
		};
		D265395A26138C5C00B67A22 /* Release */ = {
			isa = XCBuildConfiguration;
			baseConfigurationReference = 26235564129430FE7777FF47 /* Pods-StopGame.release.xcconfig */;
			buildSettings = {
				ASSETCATALOG_COMPILER_APPICON_NAME = AppIcon;
				ASSETCATALOG_COMPILER_GLOBAL_ACCENT_COLOR_NAME = AccentColor;
				CODE_SIGN_STYLE = Automatic;
				DEVELOPMENT_TEAM = UN3FYV6BQC;
				INFOPLIST_FILE = StopGame/Info.plist;
				LD_RUNPATH_SEARCH_PATHS = (
					"$(inherited)",
					"@executable_path/Frameworks",
				);
				PRODUCT_BUNDLE_IDENTIFIER = com.bramdont.StropGame;
				PRODUCT_NAME = "$(TARGET_NAME)";
				SWIFT_VERSION = 5.0;
				TARGETED_DEVICE_FAMILY = "1,2";
			};
			name = Release;
		};
/* End XCBuildConfiguration section */

/* Begin XCConfigurationList section */
		D265393F26138C5900B67A22 /* Build configuration list for PBXProject "StopGame" */ = {
			isa = XCConfigurationList;
			buildConfigurations = (
				D265395626138C5C00B67A22 /* Debug */,
				D265395726138C5C00B67A22 /* Release */,
			);
			defaultConfigurationIsVisible = 0;
			defaultConfigurationName = Release;
		};
		D265395826138C5C00B67A22 /* Build configuration list for PBXNativeTarget "StopGame" */ = {
			isa = XCConfigurationList;
			buildConfigurations = (
				D265395926138C5C00B67A22 /* Debug */,
				D265395A26138C5C00B67A22 /* Release */,
			);
			defaultConfigurationIsVisible = 0;
			defaultConfigurationName = Release;
		};
/* End XCConfigurationList section */
	};
	rootObject = D265393C26138C5900B67A22 /* Project object */;
}
